// !$*UTF8*$!
{
	archiveVersion = 1;
	classes = {
	};
	objectVersion = 56;
	objects = {

/* Begin PBXBuildFile section */
		FA3EA1962ADF066100271813 /* SearchViewController.swift in Sources */ = {isa = PBXBuildFile; fileRef = FA3EA1952ADF066100271813 /* SearchViewController.swift */; };
		FA4971EF2AE91F4000118DAF /* SearchTableViewCell.swift in Sources */ = {isa = PBXBuildFile; fileRef = FA4971ED2AE91F4000118DAF /* SearchTableViewCell.swift */; };
		FA4971F02AE91F4000118DAF /* SearchTableViewCell.xib in Resources */ = {isa = PBXBuildFile; fileRef = FA4971EE2AE91F4000118DAF /* SearchTableViewCell.xib */; };
		FA6B73042AD560B400A35EF4 /* MainViewController+Extensions.swift in Sources */ = {isa = PBXBuildFile; fileRef = FA6B73032AD560B400A35EF4 /* MainViewController+Extensions.swift */; };
		FA6B73062AD5674A00A35EF4 /* WeatherService.swift in Sources */ = {isa = PBXBuildFile; fileRef = FA6B73052AD5674A00A35EF4 /* WeatherService.swift */; };
		FA6B73092AD56A2300A35EF4 /* Alamofire in Frameworks */ = {isa = PBXBuildFile; productRef = FA6B73082AD56A2300A35EF4 /* Alamofire */; };
		FA6B730B2AD572FB00A35EF4 /* WeatherData.swift in Sources */ = {isa = PBXBuildFile; fileRef = FA6B730A2AD572FB00A35EF4 /* WeatherData.swift */; };
		FA6B730D2AD5808300A35EF4 /* UIImageView+Extension.swift in Sources */ = {isa = PBXBuildFile; fileRef = FA6B730C2AD5808300A35EF4 /* UIImageView+Extension.swift */; };
		FA70C5B52AD6999B003AF32A /* Constants.swift in Sources */ = {isa = PBXBuildFile; fileRef = FA70C5B42AD6999B003AF32A /* Constants.swift */; };
		FA87E0922AD5532100AB1BC0 /* AppDelegate.swift in Sources */ = {isa = PBXBuildFile; fileRef = FA87E0912AD5532100AB1BC0 /* AppDelegate.swift */; };
		FA87E0942AD5532100AB1BC0 /* SceneDelegate.swift in Sources */ = {isa = PBXBuildFile; fileRef = FA87E0932AD5532100AB1BC0 /* SceneDelegate.swift */; };
		FA87E0962AD5532100AB1BC0 /* MainViewController.swift in Sources */ = {isa = PBXBuildFile; fileRef = FA87E0952AD5532100AB1BC0 /* MainViewController.swift */; };
		FA87E0992AD5532100AB1BC0 /* Main.storyboard in Resources */ = {isa = PBXBuildFile; fileRef = FA87E0972AD5532100AB1BC0 /* Main.storyboard */; };
		FA87E09B2AD5532300AB1BC0 /* Assets.xcassets in Resources */ = {isa = PBXBuildFile; fileRef = FA87E09A2AD5532300AB1BC0 /* Assets.xcassets */; };
		FA87E09E2AD5532300AB1BC0 /* LaunchScreen.storyboard in Resources */ = {isa = PBXBuildFile; fileRef = FA87E09C2AD5532300AB1BC0 /* LaunchScreen.storyboard */; };
		FA87E0AA2AD5567100AB1BC0 /* WeatherAPIManager.swift in Sources */ = {isa = PBXBuildFile; fileRef = FA87E0A92AD5567100AB1BC0 /* WeatherAPIManager.swift */; };
		FA8AFF992AE02F6C00C76054 /* UICollectionView+Extension.swift in Sources */ = {isa = PBXBuildFile; fileRef = FA8AFF982AE02F6B00C76054 /* UICollectionView+Extension.swift */; };
		FABE7BCB2AD864E30036CC36 /* HourlyCollectionViewCell.swift in Sources */ = {isa = PBXBuildFile; fileRef = FABE7BCA2AD864E30036CC36 /* HourlyCollectionViewCell.swift */; };
		FAC2CB342AE6CEE900E02695 /* UserDefaults+Extension.swift in Sources */ = {isa = PBXBuildFile; fileRef = FAC2CB332AE6CEE900E02695 /* UserDefaults+Extension.swift */; };
/* End PBXBuildFile section */

/* Begin PBXFileReference section */
		FA3EA1952ADF066100271813 /* SearchViewController.swift */ = {isa = PBXFileReference; lastKnownFileType = sourcecode.swift; path = SearchViewController.swift; sourceTree = "<group>"; };
		FA4971ED2AE91F4000118DAF /* SearchTableViewCell.swift */ = {isa = PBXFileReference; lastKnownFileType = sourcecode.swift; path = SearchTableViewCell.swift; sourceTree = "<group>"; };
		FA4971EE2AE91F4000118DAF /* SearchTableViewCell.xib */ = {isa = PBXFileReference; lastKnownFileType = file.xib; path = SearchTableViewCell.xib; sourceTree = "<group>"; };
		FA6B73032AD560B400A35EF4 /* MainViewController+Extensions.swift */ = {isa = PBXFileReference; lastKnownFileType = sourcecode.swift; path = "MainViewController+Extensions.swift"; sourceTree = "<group>"; };
		FA6B73052AD5674A00A35EF4 /* WeatherService.swift */ = {isa = PBXFileReference; lastKnownFileType = sourcecode.swift; path = WeatherService.swift; sourceTree = "<group>"; };
		FA6B730A2AD572FB00A35EF4 /* WeatherData.swift */ = {isa = PBXFileReference; lastKnownFileType = sourcecode.swift; path = WeatherData.swift; sourceTree = "<group>"; };
		FA6B730C2AD5808300A35EF4 /* UIImageView+Extension.swift */ = {isa = PBXFileReference; lastKnownFileType = sourcecode.swift; path = "UIImageView+Extension.swift"; sourceTree = "<group>"; };
		FA70C5B42AD6999B003AF32A /* Constants.swift */ = {isa = PBXFileReference; lastKnownFileType = sourcecode.swift; path = Constants.swift; sourceTree = "<group>"; };
		FA87E08E2AD5532100AB1BC0 /* drumncode-Weather-Test.app */ = {isa = PBXFileReference; explicitFileType = wrapper.application; includeInIndex = 0; path = "drumncode-Weather-Test.app"; sourceTree = BUILT_PRODUCTS_DIR; };
		FA87E0912AD5532100AB1BC0 /* AppDelegate.swift */ = {isa = PBXFileReference; lastKnownFileType = sourcecode.swift; path = AppDelegate.swift; sourceTree = "<group>"; };
		FA87E0932AD5532100AB1BC0 /* SceneDelegate.swift */ = {isa = PBXFileReference; lastKnownFileType = sourcecode.swift; path = SceneDelegate.swift; sourceTree = "<group>"; };
		FA87E0952AD5532100AB1BC0 /* MainViewController.swift */ = {isa = PBXFileReference; lastKnownFileType = sourcecode.swift; path = MainViewController.swift; sourceTree = "<group>"; };
		FA87E0982AD5532100AB1BC0 /* Base */ = {isa = PBXFileReference; lastKnownFileType = file.storyboard; name = Base; path = Base.lproj/Main.storyboard; sourceTree = "<group>"; };
		FA87E09A2AD5532300AB1BC0 /* Assets.xcassets */ = {isa = PBXFileReference; lastKnownFileType = folder.assetcatalog; path = Assets.xcassets; sourceTree = "<group>"; };
		FA87E09D2AD5532300AB1BC0 /* Base */ = {isa = PBXFileReference; lastKnownFileType = file.storyboard; name = Base; path = Base.lproj/LaunchScreen.storyboard; sourceTree = "<group>"; };
		FA87E09F2AD5532300AB1BC0 /* Info.plist */ = {isa = PBXFileReference; lastKnownFileType = text.plist.xml; path = Info.plist; sourceTree = "<group>"; };
		FA87E0A92AD5567100AB1BC0 /* WeatherAPIManager.swift */ = {isa = PBXFileReference; lastKnownFileType = sourcecode.swift; path = WeatherAPIManager.swift; sourceTree = "<group>"; };
		FA8AFF982AE02F6B00C76054 /* UICollectionView+Extension.swift */ = {isa = PBXFileReference; lastKnownFileType = sourcecode.swift; path = "UICollectionView+Extension.swift"; sourceTree = "<group>"; };
		FABE7BCA2AD864E30036CC36 /* HourlyCollectionViewCell.swift */ = {isa = PBXFileReference; lastKnownFileType = sourcecode.swift; path = HourlyCollectionViewCell.swift; sourceTree = "<group>"; };
		FAC2CB332AE6CEE900E02695 /* UserDefaults+Extension.swift */ = {isa = PBXFileReference; lastKnownFileType = sourcecode.swift; path = "UserDefaults+Extension.swift"; sourceTree = "<group>"; };
/* End PBXFileReference section */

/* Begin PBXFrameworksBuildPhase section */
		FA87E08B2AD5532100AB1BC0 /* Frameworks */ = {
			isa = PBXFrameworksBuildPhase;
			buildActionMask = 2147483647;
			files = (
				FA6B73092AD56A2300A35EF4 /* Alamofire in Frameworks */,
			);
			runOnlyForDeploymentPostprocessing = 0;
		};
/* End PBXFrameworksBuildPhase section */

/* Begin PBXGroup section */
		FA4971EC2AE91F2900118DAF /* Cell */ = {
			isa = PBXGroup;
			children = (
				FA4971ED2AE91F4000118DAF /* SearchTableViewCell.swift */,
				FA4971EE2AE91F4000118DAF /* SearchTableViewCell.xib */,
			);
			name = Cell;
			sourceTree = "<group>";
		};
		FA6B73022AD5608B00A35EF4 /* Extensions */ = {
			isa = PBXGroup;
			children = (
				FA6B730C2AD5808300A35EF4 /* UIImageView+Extension.swift */,
				FA8AFF982AE02F6B00C76054 /* UICollectionView+Extension.swift */,
				FAC2CB332AE6CEE900E02695 /* UserDefaults+Extension.swift */,
			);
			name = Extensions;
			sourceTree = "<group>";
		};
		FA6BF5A92AE00B68007ED505 /* SecondVC */ = {
			isa = PBXGroup;
			children = (
				FA3EA1952ADF066100271813 /* SearchViewController.swift */,
				FA4971EC2AE91F2900118DAF /* Cell */,
			);
			name = SecondVC;
			sourceTree = "<group>";
		};
		FA87E0852AD5532100AB1BC0 = {
			isa = PBXGroup;
			children = (
				FA87E0902AD5532100AB1BC0 /* drumncode-Weather-Test */,
				FA87E08F2AD5532100AB1BC0 /* Products */,
			);
			sourceTree = "<group>";
		};
		FA87E08F2AD5532100AB1BC0 /* Products */ = {
			isa = PBXGroup;
			children = (
				FA87E08E2AD5532100AB1BC0 /* drumncode-Weather-Test.app */,
			);
			name = Products;
			sourceTree = "<group>";
		};
		FA87E0902AD5532100AB1BC0 /* drumncode-Weather-Test */ = {
			isa = PBXGroup;
			children = (
				FA87E0A72AD554DF00AB1BC0 /* MainFlow */,
				FA87E0A82AD5565E00AB1BC0 /* Model */,
				FA87E0A62AD554B800AB1BC0 /* Application */,
				FA87E0A52AD553FF00AB1BC0 /* Resources */,
			);
			path = "drumncode-Weather-Test";
			sourceTree = "<group>";
		};
		FA87E0A52AD553FF00AB1BC0 /* Resources */ = {
			isa = PBXGroup;
			children = (
				FA87E09A2AD5532300AB1BC0 /* Assets.xcassets */,
				FA87E09C2AD5532300AB1BC0 /* LaunchScreen.storyboard */,
				FA87E09F2AD5532300AB1BC0 /* Info.plist */,
			);
			path = Resources;
			sourceTree = "<group>";
		};
		FA87E0A62AD554B800AB1BC0 /* Application */ = {
			isa = PBXGroup;
			children = (
				FA87E0912AD5532100AB1BC0 /* AppDelegate.swift */,
				FA87E0932AD5532100AB1BC0 /* SceneDelegate.swift */,
			);
			path = Application;
			sourceTree = "<group>";
		};
		FA87E0A72AD554DF00AB1BC0 /* MainFlow */ = {
			isa = PBXGroup;
			children = (
				FA87E0952AD5532100AB1BC0 /* MainViewController.swift */,
				FA6B73032AD560B400A35EF4 /* MainViewController+Extensions.swift */,
				FA87E0972AD5532100AB1BC0 /* Main.storyboard */,
				FABE7BCC2AD86FEB0036CC36 /* Cell */,
				FA6BF5A92AE00B68007ED505 /* SecondVC */,
				FA6B73022AD5608B00A35EF4 /* Extensions */,
			);
			path = MainFlow;
			sourceTree = "<group>";
		};
		FA87E0A82AD5565E00AB1BC0 /* Model */ = {
			isa = PBXGroup;
			children = (
				FA70C5B42AD6999B003AF32A /* Constants.swift */,
				FA87E0A92AD5567100AB1BC0 /* WeatherAPIManager.swift */,
				FA6B730A2AD572FB00A35EF4 /* WeatherData.swift */,
				FA6B73052AD5674A00A35EF4 /* WeatherService.swift */,
			);
			path = Model;
			sourceTree = "<group>";
		};
		FABE7BCC2AD86FEB0036CC36 /* Cell */ = {
			isa = PBXGroup;
			children = (
				FABE7BCA2AD864E30036CC36 /* HourlyCollectionViewCell.swift */,
			);
			name = Cell;
			sourceTree = "<group>";
		};
/* End PBXGroup section */

/* Begin PBXNativeTarget section */
		FA87E08D2AD5532100AB1BC0 /* drumncode-Weather-Test */ = {
			isa = PBXNativeTarget;
			buildConfigurationList = FA87E0A22AD5532300AB1BC0 /* Build configuration list for PBXNativeTarget "drumncode-Weather-Test" */;
			buildPhases = (
				FA87E0AB2AD557FF00AB1BC0 /* Swift Lint */,
				FA87E08A2AD5532100AB1BC0 /* Sources */,
				FA87E08B2AD5532100AB1BC0 /* Frameworks */,
				FA87E08C2AD5532100AB1BC0 /* Resources */,
			);
			buildRules = (
			);
			dependencies = (
			);
			name = "drumncode-Weather-Test";
			packageProductDependencies = (
				FA6B73082AD56A2300A35EF4 /* Alamofire */,
			);
			productName = "drumncode-Weather-Test";
			productReference = FA87E08E2AD5532100AB1BC0 /* drumncode-Weather-Test.app */;
			productType = "com.apple.product-type.application";
		};
/* End PBXNativeTarget section */

/* Begin PBXProject section */
		FA87E0862AD5532100AB1BC0 /* Project object */ = {
			isa = PBXProject;
			attributes = {
				BuildIndependentTargetsInParallel = 1;
				LastSwiftUpdateCheck = 1500;
				LastUpgradeCheck = 1500;
				TargetAttributes = {
					FA87E08D2AD5532100AB1BC0 = {
						CreatedOnToolsVersion = 15.0;
					};
				};
			};
			buildConfigurationList = FA87E0892AD5532100AB1BC0 /* Build configuration list for PBXProject "drumncode-Weather-Test" */;
			compatibilityVersion = "Xcode 14.0";
			developmentRegion = en;
			hasScannedForEncodings = 0;
			knownRegions = (
				en,
				Base,
			);
			mainGroup = FA87E0852AD5532100AB1BC0;
			packageReferences = (
				FA6B73072AD56A2300A35EF4 /* XCRemoteSwiftPackageReference "Alamofire" */,
			);
			productRefGroup = FA87E08F2AD5532100AB1BC0 /* Products */;
			projectDirPath = "";
			projectRoot = "";
			targets = (
				FA87E08D2AD5532100AB1BC0 /* drumncode-Weather-Test */,
			);
		};
/* End PBXProject section */

/* Begin PBXResourcesBuildPhase section */
		FA87E08C2AD5532100AB1BC0 /* Resources */ = {
			isa = PBXResourcesBuildPhase;
			buildActionMask = 2147483647;
			files = (
				FA87E09E2AD5532300AB1BC0 /* LaunchScreen.storyboard in Resources */,
				FA4971F02AE91F4000118DAF /* SearchTableViewCell.xib in Resources */,
				FA87E09B2AD5532300AB1BC0 /* Assets.xcassets in Resources */,
				FA87E0992AD5532100AB1BC0 /* Main.storyboard in Resources */,
			);
			runOnlyForDeploymentPostprocessing = 0;
		};
/* End PBXResourcesBuildPhase section */

/* Begin PBXShellScriptBuildPhase section */
		FA87E0AB2AD557FF00AB1BC0 /* Swift Lint */ = {
			isa = PBXShellScriptBuildPhase;
			alwaysOutOfDate = 1;
			buildActionMask = 2147483647;
			files = (
			);
			inputFileListPaths = (
			);
			inputPaths = (
			);
			name = "Swift Lint";
			outputFileListPaths = (
			);
			outputPaths = (
			);
			runOnlyForDeploymentPostprocessing = 0;
			shellPath = /bin/sh;
			shellScript = "# Adds support for Apple Silicon brew directory\n# export PATH=\"$PATH:/opt/homebrew/bin\"\n\nif [ -z \"$CI\" ]; then\n    if which swiftlint >/dev/null; then\n        swiftlint lint --quiet\n    else\n        echo \"error: 😢 SwiftLint not installed, download from https://github.com/realm/SwiftLint\"\n    fi\nfi\n";
		};
/* End PBXShellScriptBuildPhase section */

/* Begin PBXSourcesBuildPhase section */
		FA87E08A2AD5532100AB1BC0 /* Sources */ = {
			isa = PBXSourcesBuildPhase;
			buildActionMask = 2147483647;
			files = (
				FA6B73062AD5674A00A35EF4 /* WeatherService.swift in Sources */,
				FA87E0962AD5532100AB1BC0 /* MainViewController.swift in Sources */,
				FA6B730D2AD5808300A35EF4 /* UIImageView+Extension.swift in Sources */,
				FA6B730B2AD572FB00A35EF4 /* WeatherData.swift in Sources */,
				FA6B73042AD560B400A35EF4 /* MainViewController+Extensions.swift in Sources */,
				FA3EA1962ADF066100271813 /* SearchViewController.swift in Sources */,
				FA8AFF992AE02F6C00C76054 /* UICollectionView+Extension.swift in Sources */,
				FA87E0922AD5532100AB1BC0 /* AppDelegate.swift in Sources */,
				FA87E0942AD5532100AB1BC0 /* SceneDelegate.swift in Sources */,
				FAC2CB342AE6CEE900E02695 /* UserDefaults+Extension.swift in Sources */,
				FA87E0AA2AD5567100AB1BC0 /* WeatherAPIManager.swift in Sources */,
				FA70C5B52AD6999B003AF32A /* Constants.swift in Sources */,
				FABE7BCB2AD864E30036CC36 /* HourlyCollectionViewCell.swift in Sources */,
				FA4971EF2AE91F4000118DAF /* SearchTableViewCell.swift in Sources */,
			);
			runOnlyForDeploymentPostprocessing = 0;
		};
/* End PBXSourcesBuildPhase section */

/* Begin PBXVariantGroup section */
		FA87E0972AD5532100AB1BC0 /* Main.storyboard */ = {
			isa = PBXVariantGroup;
			children = (
				FA87E0982AD5532100AB1BC0 /* Base */,
			);
			name = Main.storyboard;
			sourceTree = "<group>";
		};
		FA87E09C2AD5532300AB1BC0 /* LaunchScreen.storyboard */ = {
			isa = PBXVariantGroup;
			children = (
				FA87E09D2AD5532300AB1BC0 /* Base */,
			);
			name = LaunchScreen.storyboard;
			sourceTree = "<group>";
		};
/* End PBXVariantGroup section */

/* Begin XCBuildConfiguration section */
		FA87E0A02AD5532300AB1BC0 /* Debug */ = {
			isa = XCBuildConfiguration;
			buildSettings = {
				ALWAYS_SEARCH_USER_PATHS = NO;
				ASSETCATALOG_COMPILER_GENERATE_SWIFT_ASSET_SYMBOL_EXTENSIONS = YES;
				CLANG_ANALYZER_NONNULL = YES;
				CLANG_ANALYZER_NUMBER_OBJECT_CONVERSION = YES_AGGRESSIVE;
				CLANG_CXX_LANGUAGE_STANDARD = "gnu++20";
				CLANG_ENABLE_MODULES = YES;
				CLANG_ENABLE_OBJC_ARC = YES;
				CLANG_ENABLE_OBJC_WEAK = YES;
				CLANG_WARN_BLOCK_CAPTURE_AUTORELEASING = YES;
				CLANG_WARN_BOOL_CONVERSION = YES;
				CLANG_WARN_COMMA = YES;
				CLANG_WARN_CONSTANT_CONVERSION = YES;
				CLANG_WARN_DEPRECATED_OBJC_IMPLEMENTATIONS = YES;
				CLANG_WARN_DIRECT_OBJC_ISA_USAGE = YES_ERROR;
				CLANG_WARN_DOCUMENTATION_COMMENTS = YES;
				CLANG_WARN_EMPTY_BODY = YES;
				CLANG_WARN_ENUM_CONVERSION = YES;
				CLANG_WARN_INFINITE_RECURSION = YES;
				CLANG_WARN_INT_CONVERSION = YES;
				CLANG_WARN_NON_LITERAL_NULL_CONVERSION = YES;
				CLANG_WARN_OBJC_IMPLICIT_RETAIN_SELF = YES;
				CLANG_WARN_OBJC_LITERAL_CONVERSION = YES;
				CLANG_WARN_OBJC_ROOT_CLASS = YES_ERROR;
				CLANG_WARN_QUOTED_INCLUDE_IN_FRAMEWORK_HEADER = YES;
				CLANG_WARN_RANGE_LOOP_ANALYSIS = YES;
				CLANG_WARN_STRICT_PROTOTYPES = YES;
				CLANG_WARN_SUSPICIOUS_MOVE = YES;
				CLANG_WARN_UNGUARDED_AVAILABILITY = YES_AGGRESSIVE;
				CLANG_WARN_UNREACHABLE_CODE = YES;
				CLANG_WARN__DUPLICATE_METHOD_MATCH = YES;
				COPY_PHASE_STRIP = NO;
				DEBUG_INFORMATION_FORMAT = dwarf;
				ENABLE_STRICT_OBJC_MSGSEND = YES;
				ENABLE_TESTABILITY = YES;
				ENABLE_USER_SCRIPT_SANDBOXING = YES;
				GCC_C_LANGUAGE_STANDARD = gnu17;
				GCC_DYNAMIC_NO_PIC = NO;
				GCC_NO_COMMON_BLOCKS = YES;
				GCC_OPTIMIZATION_LEVEL = 0;
				GCC_PREPROCESSOR_DEFINITIONS = (
					"DEBUG=1",
					"$(inherited)",
				);
				GCC_WARN_64_TO_32_BIT_CONVERSION = YES;
				GCC_WARN_ABOUT_RETURN_TYPE = YES_ERROR;
				GCC_WARN_UNDECLARED_SELECTOR = YES;
				GCC_WARN_UNINITIALIZED_AUTOS = YES_AGGRESSIVE;
				GCC_WARN_UNUSED_FUNCTION = YES;
				GCC_WARN_UNUSED_VARIABLE = YES;
				IPHONEOS_DEPLOYMENT_TARGET = 17.0;
				LOCALIZATION_PREFERS_STRING_CATALOGS = YES;
				MTL_ENABLE_DEBUG_INFO = INCLUDE_SOURCE;
				MTL_FAST_MATH = YES;
				ONLY_ACTIVE_ARCH = YES;
				SDKROOT = iphoneos;
				SWIFT_ACTIVE_COMPILATION_CONDITIONS = "DEBUG $(inherited)";
				SWIFT_OPTIMIZATION_LEVEL = "-Onone";
			};
			name = Debug;
		};
		FA87E0A12AD5532300AB1BC0 /* Release */ = {
			isa = XCBuildConfiguration;
			buildSettings = {
				ALWAYS_SEARCH_USER_PATHS = NO;
				ASSETCATALOG_COMPILER_GENERATE_SWIFT_ASSET_SYMBOL_EXTENSIONS = YES;
				CLANG_ANALYZER_NONNULL = YES;
				CLANG_ANALYZER_NUMBER_OBJECT_CONVERSION = YES_AGGRESSIVE;
				CLANG_CXX_LANGUAGE_STANDARD = "gnu++20";
				CLANG_ENABLE_MODULES = YES;
				CLANG_ENABLE_OBJC_ARC = YES;
				CLANG_ENABLE_OBJC_WEAK = YES;
				CLANG_WARN_BLOCK_CAPTURE_AUTORELEASING = YES;
				CLANG_WARN_BOOL_CONVERSION = YES;
				CLANG_WARN_COMMA = YES;
				CLANG_WARN_CONSTANT_CONVERSION = YES;
				CLANG_WARN_DEPRECATED_OBJC_IMPLEMENTATIONS = YES;
				CLANG_WARN_DIRECT_OBJC_ISA_USAGE = YES_ERROR;
				CLANG_WARN_DOCUMENTATION_COMMENTS = YES;
				CLANG_WARN_EMPTY_BODY = YES;
				CLANG_WARN_ENUM_CONVERSION = YES;
				CLANG_WARN_INFINITE_RECURSION = YES;
				CLANG_WARN_INT_CONVERSION = YES;
				CLANG_WARN_NON_LITERAL_NULL_CONVERSION = YES;
				CLANG_WARN_OBJC_IMPLICIT_RETAIN_SELF = YES;
				CLANG_WARN_OBJC_LITERAL_CONVERSION = YES;
				CLANG_WARN_OBJC_ROOT_CLASS = YES_ERROR;
				CLANG_WARN_QUOTED_INCLUDE_IN_FRAMEWORK_HEADER = YES;
				CLANG_WARN_RANGE_LOOP_ANALYSIS = YES;
				CLANG_WARN_STRICT_PROTOTYPES = YES;
				CLANG_WARN_SUSPICIOUS_MOVE = YES;
				CLANG_WARN_UNGUARDED_AVAILABILITY = YES_AGGRESSIVE;
				CLANG_WARN_UNREACHABLE_CODE = YES;
				CLANG_WARN__DUPLICATE_METHOD_MATCH = YES;
				COPY_PHASE_STRIP = NO;
				DEBUG_INFORMATION_FORMAT = "dwarf-with-dsym";
				ENABLE_NS_ASSERTIONS = NO;
				ENABLE_STRICT_OBJC_MSGSEND = YES;
				ENABLE_USER_SCRIPT_SANDBOXING = YES;
				GCC_C_LANGUAGE_STANDARD = gnu17;
				GCC_NO_COMMON_BLOCKS = YES;
				GCC_WARN_64_TO_32_BIT_CONVERSION = YES;
				GCC_WARN_ABOUT_RETURN_TYPE = YES_ERROR;
				GCC_WARN_UNDECLARED_SELECTOR = YES;
				GCC_WARN_UNINITIALIZED_AUTOS = YES_AGGRESSIVE;
				GCC_WARN_UNUSED_FUNCTION = YES;
				GCC_WARN_UNUSED_VARIABLE = YES;
				IPHONEOS_DEPLOYMENT_TARGET = 17.0;
				LOCALIZATION_PREFERS_STRING_CATALOGS = YES;
				MTL_ENABLE_DEBUG_INFO = NO;
				MTL_FAST_MATH = YES;
				SDKROOT = iphoneos;
				SWIFT_COMPILATION_MODE = wholemodule;
				VALIDATE_PRODUCT = YES;
			};
			name = Release;
		};
		FA87E0A32AD5532300AB1BC0 /* Debug */ = {
			isa = XCBuildConfiguration;
			buildSettings = {
				ASSETCATALOG_COMPILER_APPICON_NAME = AppIcon;
				ASSETCATALOG_COMPILER_GLOBAL_ACCENT_COLOR_NAME = AccentColor;
				CODE_SIGN_STYLE = Automatic;
				CURRENT_PROJECT_VERSION = 1;
				DEVELOPMENT_TEAM = 763C3KNABL;
				ENABLE_USER_SCRIPT_SANDBOXING = NO;
				GENERATE_INFOPLIST_FILE = YES;
				INFOPLIST_FILE = "drumncode-Weather-Test/Resources/Info.plist";
				INFOPLIST_KEY_LSApplicationCategoryType = "public.app-category.weather";
				INFOPLIST_KEY_UIApplicationSupportsIndirectInputEvents = YES;
				INFOPLIST_KEY_UILaunchStoryboardName = LaunchScreen;
				INFOPLIST_KEY_UIMainStoryboardFile = Main;
				INFOPLIST_KEY_UISupportedInterfaceOrientations = UIInterfaceOrientationPortrait;
				INFOPLIST_KEY_UISupportedInterfaceOrientations_iPad = "UIInterfaceOrientationLandscapeLeft UIInterfaceOrientationLandscapeRight UIInterfaceOrientationPortrait UIInterfaceOrientationPortraitUpsideDown";
				IPHONEOS_DEPLOYMENT_TARGET = 14.0;
				LD_RUNPATH_SEARCH_PATHS = (
					"$(inherited)",
					"@executable_path/Frameworks",
				);
				MARKETING_VERSION = 1.0;
				PRODUCT_BUNDLE_IDENTIFIER = "vnavrockij.drumncode-Weather-Test";
				PRODUCT_NAME = "$(TARGET_NAME)";
				SUPPORTED_PLATFORMS = "iphoneos iphonesimulator";
				SUPPORTS_MACCATALYST = NO;
				SUPPORTS_MAC_DESIGNED_FOR_IPHONE_IPAD = NO;
				SWIFT_EMIT_LOC_STRINGS = YES;
				SWIFT_VERSION = 5.0;
				TARGETED_DEVICE_FAMILY = 1;
			};
			name = Debug;
		};
		FA87E0A42AD5532300AB1BC0 /* Release */ = {
			isa = XCBuildConfiguration;
			buildSettings = {
				ASSETCATALOG_COMPILER_APPICON_NAME = AppIcon;
				ASSETCATALOG_COMPILER_GLOBAL_ACCENT_COLOR_NAME = AccentColor;
				CODE_SIGN_STYLE = Automatic;
				CURRENT_PROJECT_VERSION = 1;
				DEVELOPMENT_TEAM = 763C3KNABL;
				ENABLE_USER_SCRIPT_SANDBOXING = NO;
				GENERATE_INFOPLIST_FILE = YES;
				INFOPLIST_FILE = "drumncode-Weather-Test/Resources/Info.plist";
				INFOPLIST_KEY_LSApplicationCategoryType = "public.app-category.weather";
				INFOPLIST_KEY_UIApplicationSupportsIndirectInputEvents = YES;
				INFOPLIST_KEY_UILaunchStoryboardName = LaunchScreen;
				INFOPLIST_KEY_UIMainStoryboardFile = Main;
				INFOPLIST_KEY_UISupportedInterfaceOrientations = UIInterfaceOrientationPortrait;
				INFOPLIST_KEY_UISupportedInterfaceOrientations_iPad = "UIInterfaceOrientationLandscapeLeft UIInterfaceOrientationLandscapeRight UIInterfaceOrientationPortrait UIInterfaceOrientationPortraitUpsideDown";
				IPHONEOS_DEPLOYMENT_TARGET = 14.0;
				LD_RUNPATH_SEARCH_PATHS = (
					"$(inherited)",
					"@executable_path/Frameworks",
				);
				MARKETING_VERSION = 1.0;
				PRODUCT_BUNDLE_IDENTIFIER = "vnavrockij.drumncode-Weather-Test";
				PRODUCT_NAME = "$(TARGET_NAME)";
				SUPPORTED_PLATFORMS = "iphoneos iphonesimulator";
				SUPPORTS_MACCATALYST = NO;
				SUPPORTS_MAC_DESIGNED_FOR_IPHONE_IPAD = NO;
				SWIFT_EMIT_LOC_STRINGS = YES;
				SWIFT_VERSION = 5.0;
				TARGETED_DEVICE_FAMILY = 1;
			};
			name = Release;
		};
/* End XCBuildConfiguration section */

/* Begin XCConfigurationList section */
		FA87E0892AD5532100AB1BC0 /* Build configuration list for PBXProject "drumncode-Weather-Test" */ = {
			isa = XCConfigurationList;
			buildConfigurations = (
				FA87E0A02AD5532300AB1BC0 /* Debug */,
				FA87E0A12AD5532300AB1BC0 /* Release */,
			);
			defaultConfigurationIsVisible = 0;
			defaultConfigurationName = Release;
		};
		FA87E0A22AD5532300AB1BC0 /* Build configuration list for PBXNativeTarget "drumncode-Weather-Test" */ = {
			isa = XCConfigurationList;
			buildConfigurations = (
				FA87E0A32AD5532300AB1BC0 /* Debug */,
				FA87E0A42AD5532300AB1BC0 /* Release */,
			);
			defaultConfigurationIsVisible = 0;
			defaultConfigurationName = Release;
		};
/* End XCConfigurationList section */

/* Begin XCRemoteSwiftPackageReference section */
		FA6B73072AD56A2300A35EF4 /* XCRemoteSwiftPackageReference "Alamofire" */ = {
			isa = XCRemoteSwiftPackageReference;
			repositoryURL = "https://github.com/Alamofire/Alamofire";
			requirement = {
				kind = upToNextMajorVersion;
				minimumVersion = 5.8.0;
			};
		};
/* End XCRemoteSwiftPackageReference section */

/* Begin XCSwiftPackageProductDependency section */
		FA6B73082AD56A2300A35EF4 /* Alamofire */ = {
			isa = XCSwiftPackageProductDependency;
			package = FA6B73072AD56A2300A35EF4 /* XCRemoteSwiftPackageReference "Alamofire" */;
			productName = Alamofire;
		};
/* End XCSwiftPackageProductDependency section */
	};
	rootObject = FA87E0862AD5532100AB1BC0 /* Project object */;
}
